
Microsoft Visual Studio Solution File, Format Version 12.00
# Visual Studio Version 16
VisualStudioVersion = 16.0.31624.102
MinimumVisualStudioVersion = 10.0.40219.1
Project("{FAE04EC0-301F-11D3-BF4B-00C04F79EFBC}") = "FikirsenWebSitesi_ASPNET_MVC", "FikirsenWebSitesi_ASPNET_MVC\FikirsenWebSitesi_ASPNET_MVC.csproj", "{5775F3A7-BC47-4CD2-B123-BEF9E32C37A6}"
EndProject
Global
	GlobalSection(SolutionConfigurationPlatforms) = preSolution
		Debug|Any CPU = Debug|Any CPU
		Release|Any CPU = Release|Any CPU
	EndGlobalSection
	GlobalSection(ProjectConfigurationPlatforms) = postSolution
		{5775F3A7-BC47-4CD2-B123-BEF9E32C37A6}.Debug|Any CPU.ActiveCfg = Debug|Any CPU
		{5775F3A7-BC47-4CD2-B123-BEF9E32C37A6}.Debug|Any CPU.Build.0 = Debug|Any CPU
		{5775F3A7-BC47-4CD2-B123-BEF9E32C37A6}.Release|Any CPU.ActiveCfg = Release|Any CPU
		{5775F3A7-BC47-4CD2-B123-BEF9E32C37A6}.Release|Any CPU.Build.0 = Release|Any CPU
	EndGlobalSection
	GlobalSection(SolutionProperties) = preSolution
		HideSolutionNode = FALSE
	EndGlobalSection
	GlobalSection(ExtensibilityGlobals) = postSolution
		SolutionGuid = {AE46B8D2-03E8-4FF5-9548-34681B5B9500}
	EndGlobalSection
EndGlobal
